
Microsoft Visual Studio Solution File, Format Version 12.00
# Visual Studio Version 17
VisualStudioVersion = 17.1.32421.90
MinimumVisualStudioVersion = 10.0.40219.1
Project("{FAE04EC0-301F-11D3-BF4B-00C04F79EFBC}") = "ProjetoElevador_Documentacao", "ProjetoElevador_Documentacao.csproj", "{3842E3A8-7C30-45D0-9D26-F49B21D3A923}"
EndProject
Global
	GlobalSection(SolutionConfigurationPlatforms) = preSolution
		Debug|Any CPU = Debug|Any CPU
		Release|Any CPU = Release|Any CPU
	EndGlobalSection
	GlobalSection(ProjectConfigurationPlatforms) = postSolution
		{3842E3A8-7C30-45D0-9D26-F49B21D3A923}.Debug|Any CPU.ActiveCfg = Debug|Any CPU
		{3842E3A8-7C30-45D0-9D26-F49B21D3A923}.Debug|Any CPU.Build.0 = Debug|Any CPU
		{3842E3A8-7C30-45D0-9D26-F49B21D3A923}.Release|Any CPU.ActiveCfg = Release|Any CPU
		{3842E3A8-7C30-45D0-9D26-F49B21D3A923}.Release|Any CPU.Build.0 = Release|Any CPU
	EndGlobalSection
	GlobalSection(SolutionProperties) = preSolution
		HideSolutionNode = FALSE
	EndGlobalSection
	GlobalSection(ExtensibilityGlobals) = postSolution
		SolutionGuid = {ADBD7A6E-4DD7-4E3D-9E8B-D6B3FB834E23}
	EndGlobalSection
EndGlobal
